
Microsoft Visual Studio Solution File, Format Version 12.00
# Visual Studio 15
VisualStudioVersion = 15.0.28010.2036
MinimumVisualStudioVersion = 10.0.40219.1
Project("{FAE04EC0-301F-11D3-BF4B-00C04F79EFBC}") = "PartyInvites", "PartyInvites\PartyInvites.csproj", "{A28B80C2-E902-45BA-B83F-DE33EDA3D93A}"
EndProject
Global
	GlobalSection(SolutionConfigurationPlatforms) = preSolution
		Debug|Any CPU = Debug|Any CPU
		Release|Any CPU = Release|Any CPU
	EndGlobalSection
	GlobalSection(ProjectConfigurationPlatforms) = postSolution
		{A28B80C2-E902-45BA-B83F-DE33EDA3D93A}.Debug|Any CPU.ActiveCfg = Debug|Any CPU
		{A28B80C2-E902-45BA-B83F-DE33EDA3D93A}.Debug|Any CPU.Build.0 = Debug|Any CPU
		{A28B80C2-E902-45BA-B83F-DE33EDA3D93A}.Release|Any CPU.ActiveCfg = Release|Any CPU
		{A28B80C2-E902-45BA-B83F-DE33EDA3D93A}.Release|Any CPU.Build.0 = Release|Any CPU
	EndGlobalSection
	GlobalSection(SolutionProperties) = preSolution
		HideSolutionNode = FALSE
	EndGlobalSection
	GlobalSection(ExtensibilityGlobals) = postSolution
		SolutionGuid = {FD458E5E-0166-4C6A-A1DE-F63753CCE005}
	EndGlobalSection
EndGlobal
